
Microsoft Visual Studio Solution File, Format Version 12.00
# Visual Studio Version 16
VisualStudioVersion = 16.0.31729.503
MinimumVisualStudioVersion = 10.0.40219.1
Project("{FAE04EC0-301F-11D3-BF4B-00C04F79EFBC}") = "BezeroetakoDll1", "BezeroetakoDll1\BezeroetakoDll1.csproj", "{FD7E83E2-A5D3-47B7-BBCF-A7C917A9E544}"
EndProject
Project("{FAE04EC0-301F-11D3-BF4B-00C04F79EFBC}") = "BezeroetakoDll2", "BezeroetakoDll2\BezeroetakoDll2.csproj", "{0ED477D4-B9B6-4CC2-BE82-F32169C128EE}"
EndProject
Project("{FAE04EC0-301F-11D3-BF4B-00C04F79EFBC}") = "BezeroetakoDll3", "BezeroetakoDll3\BezeroetakoDll3.csproj", "{DF085168-4744-49D3-B355-626C7E0E0C10}"
EndProject
Project("{FAE04EC0-301F-11D3-BF4B-00C04F79EFBC}") = "BezeroetakoDll4", "BezeroetakoDll4\BezeroetakoDll4.csproj", "{0CFC1C6C-BE26-40F9-895D-C0EF78BE6F6E}"
EndProject
Project("{FAE04EC0-301F-11D3-BF4B-00C04F79EFBC}") = "BezeroakGuztiraDll", "BezeroakGuztiraDll\BezeroakGuztiraDll.csproj", "{03E7F5FE-E8DD-423B-AACE-90F5ECA725B5}"
EndProject
Global
	GlobalSection(SolutionConfigurationPlatforms) = preSolution
		Debug|Any CPU = Debug|Any CPU
		Release|Any CPU = Release|Any CPU
	EndGlobalSection
	GlobalSection(ProjectConfigurationPlatforms) = postSolution
		{FD7E83E2-A5D3-47B7-BBCF-A7C917A9E544}.Debug|Any CPU.ActiveCfg = Debug|Any CPU
		{FD7E83E2-A5D3-47B7-BBCF-A7C917A9E544}.Debug|Any CPU.Build.0 = Debug|Any CPU
		{FD7E83E2-A5D3-47B7-BBCF-A7C917A9E544}.Release|Any CPU.ActiveCfg = Release|Any CPU
		{FD7E83E2-A5D3-47B7-BBCF-A7C917A9E544}.Release|Any CPU.Build.0 = Release|Any CPU
		{0ED477D4-B9B6-4CC2-BE82-F32169C128EE}.Debug|Any CPU.ActiveCfg = Debug|Any CPU
		{0ED477D4-B9B6-4CC2-BE82-F32169C128EE}.Debug|Any CPU.Build.0 = Debug|Any CPU
		{0ED477D4-B9B6-4CC2-BE82-F32169C128EE}.Release|Any CPU.ActiveCfg = Release|Any CPU
		{0ED477D4-B9B6-4CC2-BE82-F32169C128EE}.Release|Any CPU.Build.0 = Release|Any CPU
		{DF085168-4744-49D3-B355-626C7E0E0C10}.Debug|Any CPU.ActiveCfg = Debug|Any CPU
		{DF085168-4744-49D3-B355-626C7E0E0C10}.Debug|Any CPU.Build.0 = Debug|Any CPU
		{DF085168-4744-49D3-B355-626C7E0E0C10}.Release|Any CPU.ActiveCfg = Release|Any CPU
		{DF085168-4744-49D3-B355-626C7E0E0C10}.Release|Any CPU.Build.0 = Release|Any CPU
		{0CFC1C6C-BE26-40F9-895D-C0EF78BE6F6E}.Debug|Any CPU.ActiveCfg = Debug|Any CPU
		{0CFC1C6C-BE26-40F9-895D-C0EF78BE6F6E}.Debug|Any CPU.Build.0 = Debug|Any CPU
		{0CFC1C6C-BE26-40F9-895D-C0EF78BE6F6E}.Release|Any CPU.ActiveCfg = Release|Any CPU
		{0CFC1C6C-BE26-40F9-895D-C0EF78BE6F6E}.Release|Any CPU.Build.0 = Release|Any CPU
		{03E7F5FE-E8DD-423B-AACE-90F5ECA725B5}.Debug|Any CPU.ActiveCfg = Debug|Any CPU
		{03E7F5FE-E8DD-423B-AACE-90F5ECA725B5}.Debug|Any CPU.Build.0 = Debug|Any CPU
		{03E7F5FE-E8DD-423B-AACE-90F5ECA725B5}.Release|Any CPU.ActiveCfg = Release|Any CPU
		{03E7F5FE-E8DD-423B-AACE-90F5ECA725B5}.Release|Any CPU.Build.0 = Release|Any CPU
	EndGlobalSection
	GlobalSection(SolutionProperties) = preSolution
		HideSolutionNode = FALSE
	EndGlobalSection
	GlobalSection(ExtensibilityGlobals) = postSolution
		SolutionGuid = {25451E23-4449-4D13-9E08-C87037297A17}
	EndGlobalSection
EndGlobal
