
Microsoft Visual Studio Solution File, Format Version 12.00
# Visual Studio Version 16
VisualStudioVersion = 16.0.29215.179
MinimumVisualStudioVersion = 10.0.40219.1
Project("{FAE04EC0-301F-11D3-BF4B-00C04F79EFBC}") = "NewTelDesktopApp", "NewTelDesktopApp\NewTelDesktopApp.csproj", "{2D775548-3732-4989-A97E-C1FD6017A54C}"
EndProject
Project("{54435603-DBB4-11D2-8724-00A0C9A8B90C}") = "Setup1", "Setup1\Setup1.vdproj", "{A6B970E6-57E1-4A2C-9C70-B9E6E1E20A6A}"
EndProject
Global
	GlobalSection(SolutionConfigurationPlatforms) = preSolution
		Debug|Any CPU = Debug|Any CPU
		Release|Any CPU = Release|Any CPU
	EndGlobalSection
	GlobalSection(ProjectConfigurationPlatforms) = postSolution
		{2D775548-3732-4989-A97E-C1FD6017A54C}.Debug|Any CPU.ActiveCfg = Debug|Any CPU
		{2D775548-3732-4989-A97E-C1FD6017A54C}.Debug|Any CPU.Build.0 = Debug|Any CPU
		{2D775548-3732-4989-A97E-C1FD6017A54C}.Release|Any CPU.ActiveCfg = Release|Any CPU
		{2D775548-3732-4989-A97E-C1FD6017A54C}.Release|Any CPU.Build.0 = Release|Any CPU
		{A6B970E6-57E1-4A2C-9C70-B9E6E1E20A6A}.Debug|Any CPU.ActiveCfg = Debug
		{A6B970E6-57E1-4A2C-9C70-B9E6E1E20A6A}.Release|Any CPU.ActiveCfg = Release
	EndGlobalSection
	GlobalSection(SolutionProperties) = preSolution
		HideSolutionNode = FALSE
	EndGlobalSection
	GlobalSection(ExtensibilityGlobals) = postSolution
		SolutionGuid = {EA17EAA5-09EF-460E-8023-1E2BED9C3C2A}
	EndGlobalSection
EndGlobal
