
Microsoft Visual Studio Solution File, Format Version 12.00
# Visual Studio Version 16
VisualStudioVersion = 16.0.31515.178
MinimumVisualStudioVersion = 10.0.40219.1
Project("{FAE04EC0-301F-11D3-BF4B-00C04F79EFBC}") = "KaixoDLL", "KaixoDLL\KaixoDLL.csproj", "{F22899BA-ECC1-4B81-8994-D324814A4881}"
EndProject
Global
	GlobalSection(SolutionConfigurationPlatforms) = preSolution
		Debug|Any CPU = Debug|Any CPU
		Release|Any CPU = Release|Any CPU
	EndGlobalSection
	GlobalSection(ProjectConfigurationPlatforms) = postSolution
		{F22899BA-ECC1-4B81-8994-D324814A4881}.Debug|Any CPU.ActiveCfg = Debug|Any CPU
		{F22899BA-ECC1-4B81-8994-D324814A4881}.Debug|Any CPU.Build.0 = Debug|Any CPU
		{F22899BA-ECC1-4B81-8994-D324814A4881}.Release|Any CPU.ActiveCfg = Release|Any CPU
		{F22899BA-ECC1-4B81-8994-D324814A4881}.Release|Any CPU.Build.0 = Release|Any CPU
	EndGlobalSection
	GlobalSection(SolutionProperties) = preSolution
		HideSolutionNode = FALSE
	EndGlobalSection
	GlobalSection(ExtensibilityGlobals) = postSolution
		SolutionGuid = {5DC39040-8568-478A-B8C2-4B57B829266B}
	EndGlobalSection
EndGlobal
