
Microsoft Visual Studio Solution File, Format Version 12.00
# Visual Studio Version 16
VisualStudioVersion = 16.0.31729.503
MinimumVisualStudioVersion = 10.0.40219.1
Project("{FAE04EC0-301F-11D3-BF4B-00C04F79EFBC}") = "HornitzaileenDll1", "HornitzaileenDll1\HornitzaileenDll1.csproj", "{10783A35-7DD1-4C8B-BF75-2004274610E9}"
EndProject
Project("{FAE04EC0-301F-11D3-BF4B-00C04F79EFBC}") = "HornitzaileenDll2", "HornitzaileenDll2\HornitzaileenDll2.csproj", "{63203B63-5A70-4363-A24F-0F0A4D30599E}"
EndProject
Project("{FAE04EC0-301F-11D3-BF4B-00C04F79EFBC}") = "HornitzaileKantitateaDll", "HornitzaileKantitateaDll\HornitzaileKantitateaDll.csproj", "{7DD1DE11-946D-4645-8631-87950966792D}"
EndProject
Global
	GlobalSection(SolutionConfigurationPlatforms) = preSolution
		Debug|Any CPU = Debug|Any CPU
		Release|Any CPU = Release|Any CPU
	EndGlobalSection
	GlobalSection(ProjectConfigurationPlatforms) = postSolution
		{10783A35-7DD1-4C8B-BF75-2004274610E9}.Debug|Any CPU.ActiveCfg = Debug|Any CPU
		{10783A35-7DD1-4C8B-BF75-2004274610E9}.Debug|Any CPU.Build.0 = Debug|Any CPU
		{10783A35-7DD1-4C8B-BF75-2004274610E9}.Release|Any CPU.ActiveCfg = Release|Any CPU
		{10783A35-7DD1-4C8B-BF75-2004274610E9}.Release|Any CPU.Build.0 = Release|Any CPU
		{63203B63-5A70-4363-A24F-0F0A4D30599E}.Debug|Any CPU.ActiveCfg = Debug|Any CPU
		{63203B63-5A70-4363-A24F-0F0A4D30599E}.Debug|Any CPU.Build.0 = Debug|Any CPU
		{63203B63-5A70-4363-A24F-0F0A4D30599E}.Release|Any CPU.ActiveCfg = Release|Any CPU
		{63203B63-5A70-4363-A24F-0F0A4D30599E}.Release|Any CPU.Build.0 = Release|Any CPU
		{7DD1DE11-946D-4645-8631-87950966792D}.Debug|Any CPU.ActiveCfg = Debug|Any CPU
		{7DD1DE11-946D-4645-8631-87950966792D}.Debug|Any CPU.Build.0 = Debug|Any CPU
		{7DD1DE11-946D-4645-8631-87950966792D}.Release|Any CPU.ActiveCfg = Release|Any CPU
		{7DD1DE11-946D-4645-8631-87950966792D}.Release|Any CPU.Build.0 = Release|Any CPU
	EndGlobalSection
	GlobalSection(SolutionProperties) = preSolution
		HideSolutionNode = FALSE
	EndGlobalSection
	GlobalSection(ExtensibilityGlobals) = postSolution
		SolutionGuid = {BEBB244B-F074-4B2B-9AF9-0B87214A7E73}
	EndGlobalSection
EndGlobal
