
Microsoft Visual Studio Solution File, Format Version 12.00
# Visual Studio Version 16
VisualStudioVersion = 16.0.31515.178
MinimumVisualStudioVersion = 10.0.40219.1
Project("{FAE04EC0-301F-11D3-BF4B-00C04F79EFBC}") = "SalmentaDLL", "SalmentaDLL\SalmentaDLL.csproj", "{292027F7-0124-4FCF-B31F-E1941974B3BB}"
EndProject
Project("{FAE04EC0-301F-11D3-BF4B-00C04F79EFBC}") = "Proba", "Proba\Proba.csproj", "{7F7980A6-CB9A-4AA4-AFFA-F89D54111DDA}"
EndProject
Global
	GlobalSection(SolutionConfigurationPlatforms) = preSolution
		Debug|Any CPU = Debug|Any CPU
		Release|Any CPU = Release|Any CPU
	EndGlobalSection
	GlobalSection(ProjectConfigurationPlatforms) = postSolution
		{292027F7-0124-4FCF-B31F-E1941974B3BB}.Debug|Any CPU.ActiveCfg = Debug|Any CPU
		{292027F7-0124-4FCF-B31F-E1941974B3BB}.Debug|Any CPU.Build.0 = Debug|Any CPU
		{292027F7-0124-4FCF-B31F-E1941974B3BB}.Release|Any CPU.ActiveCfg = Release|Any CPU
		{292027F7-0124-4FCF-B31F-E1941974B3BB}.Release|Any CPU.Build.0 = Release|Any CPU
		{7F7980A6-CB9A-4AA4-AFFA-F89D54111DDA}.Debug|Any CPU.ActiveCfg = Debug|Any CPU
		{7F7980A6-CB9A-4AA4-AFFA-F89D54111DDA}.Debug|Any CPU.Build.0 = Debug|Any CPU
		{7F7980A6-CB9A-4AA4-AFFA-F89D54111DDA}.Release|Any CPU.ActiveCfg = Release|Any CPU
		{7F7980A6-CB9A-4AA4-AFFA-F89D54111DDA}.Release|Any CPU.Build.0 = Release|Any CPU
	EndGlobalSection
	GlobalSection(SolutionProperties) = preSolution
		HideSolutionNode = FALSE
	EndGlobalSection
	GlobalSection(ExtensibilityGlobals) = postSolution
		SolutionGuid = {13A58EE0-9324-4A6A-AA21-26DC4D77248B}
	EndGlobalSection
EndGlobal
