
Microsoft Visual Studio Solution File, Format Version 12.00
# Visual Studio Version 16
VisualStudioVersion = 16.0.31515.178
MinimumVisualStudioVersion = 10.0.40219.1
Project("{FAE04EC0-301F-11D3-BF4B-00C04F79EFBC}") = "AginteKoadroa", "AginteKoadroa\AginteKoadroa.csproj", "{99B70E23-720D-4F67-B74A-93A09FFDB850}"
EndProject
Project("{54435603-DBB4-11D2-8724-00A0C9A8B90C}") = "Setup_AginteKoadroa", "Setup_AginteKoadroa\Setup_AginteKoadroa.vdproj", "{8462C98F-7904-4BBD-9543-BA32DAC4D0B0}"
EndProject
Global
	GlobalSection(SolutionConfigurationPlatforms) = preSolution
		Debug|Any CPU = Debug|Any CPU
		Release|Any CPU = Release|Any CPU
	EndGlobalSection
	GlobalSection(ProjectConfigurationPlatforms) = postSolution
		{99B70E23-720D-4F67-B74A-93A09FFDB850}.Debug|Any CPU.ActiveCfg = Debug|Any CPU
		{99B70E23-720D-4F67-B74A-93A09FFDB850}.Debug|Any CPU.Build.0 = Debug|Any CPU
		{99B70E23-720D-4F67-B74A-93A09FFDB850}.Release|Any CPU.ActiveCfg = Release|Any CPU
		{99B70E23-720D-4F67-B74A-93A09FFDB850}.Release|Any CPU.Build.0 = Release|Any CPU
		{8462C98F-7904-4BBD-9543-BA32DAC4D0B0}.Debug|Any CPU.ActiveCfg = Debug
		{8462C98F-7904-4BBD-9543-BA32DAC4D0B0}.Release|Any CPU.ActiveCfg = Release
	EndGlobalSection
	GlobalSection(SolutionProperties) = preSolution
		HideSolutionNode = FALSE
	EndGlobalSection
	GlobalSection(ExtensibilityGlobals) = postSolution
		SolutionGuid = {201421D3-F9B2-47E9-A42B-C7D7651E271F}
	EndGlobalSection
EndGlobal
